
Microsoft Visual Studio Solution File, Format Version 12.00
# Visual Studio 14
VisualStudioVersion = 14.0.25420.1
MinimumVisualStudioVersion = 10.0.40219.1
Project("{FAE04EC0-301F-11D3-BF4B-00C04F79EFBC}") = "CharacterCreator", "CharacterCreator\CharacterCreator.csproj", "{40612574-5DCD-4872-A1F5-9A6C71F99172}"
EndProject
Global
	GlobalSection(SolutionConfigurationPlatforms) = preSolution
		Debug|Any CPU = Debug|Any CPU
		Release|Any CPU = Release|Any CPU
	EndGlobalSection
	GlobalSection(ProjectConfigurationPlatforms) = postSolution
		{40612574-5DCD-4872-A1F5-9A6C71F99172}.Debug|Any CPU.ActiveCfg = Debug|Any CPU
		{40612574-5DCD-4872-A1F5-9A6C71F99172}.Debug|Any CPU.Build.0 = Debug|Any CPU
		{40612574-5DCD-4872-A1F5-9A6C71F99172}.Release|Any CPU.ActiveCfg = Release|Any CPU
		{40612574-5DCD-4872-A1F5-9A6C71F99172}.Release|Any CPU.Build.0 = Release|Any CPU
	EndGlobalSection
	GlobalSection(SolutionProperties) = preSolution
		HideSolutionNode = FALSE
	EndGlobalSection
EndGlobal
